// !$*UTF8*$!
{
	archiveVersion = 1;
	classes = {
	};
	objectVersion = 51;
	objects = {

/* Begin PBXBuildFile section */
		0F7DA88AC02A266237242554 /* Pods_interviewProject_interviewProjectUITests.framework in Frameworks */ = {isa = PBXBuildFile; fileRef = 6D0B5377550DF655AE746AE7 /* Pods_interviewProject_interviewProjectUITests.framework */; };
		6652DDFC2543DD1F006AEA93 /* GalleryViewController.swift in Sources */ = {isa = PBXBuildFile; fileRef = 6652DDFB2543DD1E006AEA93 /* GalleryViewController.swift */; };
		6667973425445F13004AF0CE /* PageCell.swift in Sources */ = {isa = PBXBuildFile; fileRef = 6667973325445F13004AF0CE /* PageCell.swift */; };
		6667974B25446560004AF0CE /* ImageCell.swift in Sources */ = {isa = PBXBuildFile; fileRef = 6667974A25446560004AF0CE /* ImageCell.swift */; };
		6667975225446EA9004AF0CE /* Image.swift in Sources */ = {isa = PBXBuildFile; fileRef = 6667975125446EA9004AF0CE /* Image.swift */; };
		6667975B254470B4004AF0CE /* NetworkHelper.swift in Sources */ = {isa = PBXBuildFile; fileRef = 6667975A254470B4004AF0CE /* NetworkHelper.swift */; };
		66A0C7A9253F2F6C0023ACC7 /* AppDelegate.swift in Sources */ = {isa = PBXBuildFile; fileRef = 66A0C7A8253F2F6C0023ACC7 /* AppDelegate.swift */; };
		66A0C7AB253F2F6C0023ACC7 /* SceneDelegate.swift in Sources */ = {isa = PBXBuildFile; fileRef = 66A0C7AA253F2F6C0023ACC7 /* SceneDelegate.swift */; };
		66A0C7AD253F2F6C0023ACC7 /* ViewController.swift in Sources */ = {isa = PBXBuildFile; fileRef = 66A0C7AC253F2F6C0023ACC7 /* ViewController.swift */; };
		66A0C7B0253F2F6C0023ACC7 /* Main.storyboard in Resources */ = {isa = PBXBuildFile; fileRef = 66A0C7AE253F2F6C0023ACC7 /* Main.storyboard */; };
		66A0C7B3253F2F6C0023ACC7 /* interviewProject.xcdatamodeld in Sources */ = {isa = PBXBuildFile; fileRef = 66A0C7B1253F2F6C0023ACC7 /* interviewProject.xcdatamodeld */; };
		66A0C7B5253F2F6F0023ACC7 /* Assets.xcassets in Resources */ = {isa = PBXBuildFile; fileRef = 66A0C7B4253F2F6F0023ACC7 /* Assets.xcassets */; };
		66A0C7B8253F2F6F0023ACC7 /* LaunchScreen.storyboard in Resources */ = {isa = PBXBuildFile; fileRef = 66A0C7B6253F2F6F0023ACC7 /* LaunchScreen.storyboard */; };
		66A0C7C3253F2F6F0023ACC7 /* interviewProjectTests.swift in Sources */ = {isa = PBXBuildFile; fileRef = 66A0C7C2253F2F6F0023ACC7 /* interviewProjectTests.swift */; };
		66A0C7CE253F2F6F0023ACC7 /* interviewProjectUITests.swift in Sources */ = {isa = PBXBuildFile; fileRef = 66A0C7CD253F2F6F0023ACC7 /* interviewProjectUITests.swift */; };
		66A0C7DF253F311F0023ACC7 /* tableViewCell.swift in Sources */ = {isa = PBXBuildFile; fileRef = 66A0C7DE253F311F0023ACC7 /* tableViewCell.swift */; };
		AA1A16BE57AACA3AA7B4DE1F /* Pods_interviewProject.framework in Frameworks */ = {isa = PBXBuildFile; fileRef = D316C8919029E00852F591A1 /* Pods_interviewProject.framework */; };
		ED8B1F992A9881D93F8E1CEF /* Pods_interviewProjectTests.framework in Frameworks */ = {isa = PBXBuildFile; fileRef = CFC7DF16B7194672D0B98D43 /* Pods_interviewProjectTests.framework */; };
/* End PBXBuildFile section */

/* Begin PBXContainerItemProxy section */
		66A0C7BF253F2F6F0023ACC7 /* PBXContainerItemProxy */ = {
			isa = PBXContainerItemProxy;
			containerPortal = 66A0C79D253F2F6B0023ACC7 /* Project object */;
			proxyType = 1;
			remoteGlobalIDString = 66A0C7A4253F2F6C0023ACC7;
			remoteInfo = interviewProject;
		};
		66A0C7CA253F2F6F0023ACC7 /* PBXContainerItemProxy */ = {
			isa = PBXContainerItemProxy;
			containerPortal = 66A0C79D253F2F6B0023ACC7 /* Project object */;
			proxyType = 1;
			remoteGlobalIDString = 66A0C7A4253F2F6C0023ACC7;
			remoteInfo = interviewProject;
		};
/* End PBXContainerItemProxy section */

/* Begin PBXFileReference section */
		26A316BACA81B2CA5CC1E7A3 /* Pods-interviewProject.debug.xcconfig */ = {isa = PBXFileReference; includeInIndex = 1; lastKnownFileType = text.xcconfig; name = "Pods-interviewProject.debug.xcconfig"; path = "Target Support Files/Pods-interviewProject/Pods-interviewProject.debug.xcconfig"; sourceTree = "<group>"; };
		30C8788E85980D35FBE15208 /* Pods-interviewProject.release.xcconfig */ = {isa = PBXFileReference; includeInIndex = 1; lastKnownFileType = text.xcconfig; name = "Pods-interviewProject.release.xcconfig"; path = "Target Support Files/Pods-interviewProject/Pods-interviewProject.release.xcconfig"; sourceTree = "<group>"; };
		4624C21ADB663920A2B7E4C8 /* Pods-interviewProjectTests.release.xcconfig */ = {isa = PBXFileReference; includeInIndex = 1; lastKnownFileType = text.xcconfig; name = "Pods-interviewProjectTests.release.xcconfig"; path = "Target Support Files/Pods-interviewProjectTests/Pods-interviewProjectTests.release.xcconfig"; sourceTree = "<group>"; };
		53CB586C114DCE59AABEA678 /* Pods-interviewProject-interviewProjectUITests.release.xcconfig */ = {isa = PBXFileReference; includeInIndex = 1; lastKnownFileType = text.xcconfig; name = "Pods-interviewProject-interviewProjectUITests.release.xcconfig"; path = "Target Support Files/Pods-interviewProject-interviewProjectUITests/Pods-interviewProject-interviewProjectUITests.release.xcconfig"; sourceTree = "<group>"; };
		6652DDFB2543DD1E006AEA93 /* GalleryViewController.swift */ = {isa = PBXFileReference; lastKnownFileType = sourcecode.swift; path = GalleryViewController.swift; sourceTree = "<group>"; };
		6667973325445F13004AF0CE /* PageCell.swift */ = {isa = PBXFileReference; fileEncoding = 4; lastKnownFileType = sourcecode.swift; path = PageCell.swift; sourceTree = "<group>"; };
		6667974A25446560004AF0CE /* ImageCell.swift */ = {isa = PBXFileReference; lastKnownFileType = sourcecode.swift; path = ImageCell.swift; sourceTree = "<group>"; };
		6667975125446EA9004AF0CE /* Image.swift */ = {isa = PBXFileReference; lastKnownFileType = sourcecode.swift; path = Image.swift; sourceTree = "<group>"; };
		6667975A254470B4004AF0CE /* NetworkHelper.swift */ = {isa = PBXFileReference; lastKnownFileType = sourcecode.swift; path = NetworkHelper.swift; sourceTree = "<group>"; };
		66A0C7A5253F2F6C0023ACC7 /* interviewProject.app */ = {isa = PBXFileReference; explicitFileType = wrapper.application; includeInIndex = 0; path = interviewProject.app; sourceTree = BUILT_PRODUCTS_DIR; };
		66A0C7A8253F2F6C0023ACC7 /* AppDelegate.swift */ = {isa = PBXFileReference; lastKnownFileType = sourcecode.swift; path = AppDelegate.swift; sourceTree = "<group>"; };
		66A0C7AA253F2F6C0023ACC7 /* SceneDelegate.swift */ = {isa = PBXFileReference; lastKnownFileType = sourcecode.swift; path = SceneDelegate.swift; sourceTree = "<group>"; };
		66A0C7AC253F2F6C0023ACC7 /* ViewController.swift */ = {isa = PBXFileReference; lastKnownFileType = sourcecode.swift; path = ViewController.swift; sourceTree = "<group>"; };
		66A0C7AF253F2F6C0023ACC7 /* Base */ = {isa = PBXFileReference; lastKnownFileType = file.storyboard; name = Base; path = Base.lproj/Main.storyboard; sourceTree = "<group>"; };
		66A0C7B2253F2F6C0023ACC7 /* interviewProject.xcdatamodel */ = {isa = PBXFileReference; lastKnownFileType = wrapper.xcdatamodel; path = interviewProject.xcdatamodel; sourceTree = "<group>"; };
		66A0C7B4253F2F6F0023ACC7 /* Assets.xcassets */ = {isa = PBXFileReference; lastKnownFileType = folder.assetcatalog; path = Assets.xcassets; sourceTree = "<group>"; };
		66A0C7B7253F2F6F0023ACC7 /* Base */ = {isa = PBXFileReference; lastKnownFileType = file.storyboard; name = Base; path = Base.lproj/LaunchScreen.storyboard; sourceTree = "<group>"; };
		66A0C7B9253F2F6F0023ACC7 /* Info.plist */ = {isa = PBXFileReference; lastKnownFileType = text.plist.xml; path = Info.plist; sourceTree = "<group>"; };
		66A0C7BE253F2F6F0023ACC7 /* interviewProjectTests.xctest */ = {isa = PBXFileReference; explicitFileType = wrapper.cfbundle; includeInIndex = 0; path = interviewProjectTests.xctest; sourceTree = BUILT_PRODUCTS_DIR; };
		66A0C7C2253F2F6F0023ACC7 /* interviewProjectTests.swift */ = {isa = PBXFileReference; lastKnownFileType = sourcecode.swift; path = interviewProjectTests.swift; sourceTree = "<group>"; };
		66A0C7C4253F2F6F0023ACC7 /* Info.plist */ = {isa = PBXFileReference; lastKnownFileType = text.plist.xml; path = Info.plist; sourceTree = "<group>"; };
		66A0C7C9253F2F6F0023ACC7 /* interviewProjectUITests.xctest */ = {isa = PBXFileReference; explicitFileType = wrapper.cfbundle; includeInIndex = 0; path = interviewProjectUITests.xctest; sourceTree = BUILT_PRODUCTS_DIR; };
		66A0C7CD253F2F6F0023ACC7 /* interviewProjectUITests.swift */ = {isa = PBXFileReference; lastKnownFileType = sourcecode.swift; path = interviewProjectUITests.swift; sourceTree = "<group>"; };
		66A0C7CF253F2F6F0023ACC7 /* Info.plist */ = {isa = PBXFileReference; lastKnownFileType = text.plist.xml; path = Info.plist; sourceTree = "<group>"; };
		66A0C7DE253F311F0023ACC7 /* tableViewCell.swift */ = {isa = PBXFileReference; lastKnownFileType = sourcecode.swift; path = tableViewCell.swift; sourceTree = "<group>"; };
		6D0B5377550DF655AE746AE7 /* Pods_interviewProject_interviewProjectUITests.framework */ = {isa = PBXFileReference; explicitFileType = wrapper.framework; includeInIndex = 0; path = Pods_interviewProject_interviewProjectUITests.framework; sourceTree = BUILT_PRODUCTS_DIR; };
		7AB48E3510827F86A6B1B809 /* Pods-interviewProjectTests.debug.xcconfig */ = {isa = PBXFileReference; includeInIndex = 1; lastKnownFileType = text.xcconfig; name = "Pods-interviewProjectTests.debug.xcconfig"; path = "Target Support Files/Pods-interviewProjectTests/Pods-interviewProjectTests.debug.xcconfig"; sourceTree = "<group>"; };
		CFC7DF16B7194672D0B98D43 /* Pods_interviewProjectTests.framework */ = {isa = PBXFileReference; explicitFileType = wrapper.framework; includeInIndex = 0; path = Pods_interviewProjectTests.framework; sourceTree = BUILT_PRODUCTS_DIR; };
		D316C8919029E00852F591A1 /* Pods_interviewProject.framework */ = {isa = PBXFileReference; explicitFileType = wrapper.framework; includeInIndex = 0; path = Pods_interviewProject.framework; sourceTree = BUILT_PRODUCTS_DIR; };
		FF5FBAA7FAF861E16F0C26F6 /* Pods-interviewProject-interviewProjectUITests.debug.xcconfig */ = {isa = PBXFileReference; includeInIndex = 1; lastKnownFileType = text.xcconfig; name = "Pods-interviewProject-interviewProjectUITests.debug.xcconfig"; path = "Target Support Files/Pods-interviewProject-interviewProjectUITests/Pods-interviewProject-interviewProjectUITests.debug.xcconfig"; sourceTree = "<group>"; };
/* End PBXFileReference section */

/* Begin PBXFrameworksBuildPhase section */
		66A0C7A2253F2F6C0023ACC7 /* Frameworks */ = {
			isa = PBXFrameworksBuildPhase;
			buildActionMask = 2147483647;
			files = (
				AA1A16BE57AACA3AA7B4DE1F /* Pods_interviewProject.framework in Frameworks */,
			);
			runOnlyForDeploymentPostprocessing = 0;
		};
		66A0C7BB253F2F6F0023ACC7 /* Frameworks */ = {
			isa = PBXFrameworksBuildPhase;
			buildActionMask = 2147483647;
			files = (
				ED8B1F992A9881D93F8E1CEF /* Pods_interviewProjectTests.framework in Frameworks */,
			);
			runOnlyForDeploymentPostprocessing = 0;
		};
		66A0C7C6253F2F6F0023ACC7 /* Frameworks */ = {
			isa = PBXFrameworksBuildPhase;
			buildActionMask = 2147483647;
			files = (
				0F7DA88AC02A266237242554 /* Pods_interviewProject_interviewProjectUITests.framework in Frameworks */,
			);
			runOnlyForDeploymentPostprocessing = 0;
		};
/* End PBXFrameworksBuildPhase section */

/* Begin PBXGroup section */
		5362FA802EC20E065E891F4C /* Frameworks */ = {
			isa = PBXGroup;
			children = (
				D316C8919029E00852F591A1 /* Pods_interviewProject.framework */,
				6D0B5377550DF655AE746AE7 /* Pods_interviewProject_interviewProjectUITests.framework */,
				CFC7DF16B7194672D0B98D43 /* Pods_interviewProjectTests.framework */,
			);
			name = Frameworks;
			sourceTree = "<group>";
		};
		6667973825445F91004AF0CE /* Gallery */ = {
			isa = PBXGroup;
			children = (
				6652DDFB2543DD1E006AEA93 /* GalleryViewController.swift */,
				6667973325445F13004AF0CE /* PageCell.swift */,
				6667974A25446560004AF0CE /* ImageCell.swift */,
			);
			path = Gallery;
			sourceTree = "<group>";
		};
		6667975025446E97004AF0CE /* Model */ = {
			isa = PBXGroup;
			children = (
				6667975125446EA9004AF0CE /* Image.swift */,
			);
			path = Model;
			sourceTree = "<group>";
		};
		6667975925447098004AF0CE /* Networking */ = {
			isa = PBXGroup;
			children = (
				6667975A254470B4004AF0CE /* NetworkHelper.swift */,
			);
			path = Networking;
			sourceTree = "<group>";
		};
		66A0C79C253F2F6B0023ACC7 = {
			isa = PBXGroup;
			children = (
				66A0C7A7253F2F6C0023ACC7 /* interviewProject */,
				66A0C7C1253F2F6F0023ACC7 /* interviewProjectTests */,
				66A0C7CC253F2F6F0023ACC7 /* interviewProjectUITests */,
				66A0C7A6253F2F6C0023ACC7 /* Products */,
				8FD98B392646DBEB1106493C /* Pods */,
				5362FA802EC20E065E891F4C /* Frameworks */,
			);
			sourceTree = "<group>";
		};
		66A0C7A6253F2F6C0023ACC7 /* Products */ = {
			isa = PBXGroup;
			children = (
				66A0C7A5253F2F6C0023ACC7 /* interviewProject.app */,
				66A0C7BE253F2F6F0023ACC7 /* interviewProjectTests.xctest */,
				66A0C7C9253F2F6F0023ACC7 /* interviewProjectUITests.xctest */,
			);
			name = Products;
			sourceTree = "<group>";
		};
		66A0C7A7253F2F6C0023ACC7 /* interviewProject */ = {
			isa = PBXGroup;
			children = (
				6667975925447098004AF0CE /* Networking */,
				6667975025446E97004AF0CE /* Model */,
				6667973825445F91004AF0CE /* Gallery */,
				66A0C7A8253F2F6C0023ACC7 /* AppDelegate.swift */,
				66A0C7AA253F2F6C0023ACC7 /* SceneDelegate.swift */,
				66A0C7AC253F2F6C0023ACC7 /* ViewController.swift */,
				66A0C7DE253F311F0023ACC7 /* tableViewCell.swift */,
				66A0C7AE253F2F6C0023ACC7 /* Main.storyboard */,
				66A0C7B4253F2F6F0023ACC7 /* Assets.xcassets */,
				66A0C7B6253F2F6F0023ACC7 /* LaunchScreen.storyboard */,
				66A0C7B9253F2F6F0023ACC7 /* Info.plist */,
				66A0C7B1253F2F6C0023ACC7 /* interviewProject.xcdatamodeld */,
			);
			path = interviewProject;
			sourceTree = "<group>";
		};
		66A0C7C1253F2F6F0023ACC7 /* interviewProjectTests */ = {
			isa = PBXGroup;
			children = (
				66A0C7C2253F2F6F0023ACC7 /* interviewProjectTests.swift */,
				66A0C7C4253F2F6F0023ACC7 /* Info.plist */,
			);
			path = interviewProjectTests;
			sourceTree = "<group>";
		};
		66A0C7CC253F2F6F0023ACC7 /* interviewProjectUITests */ = {
			isa = PBXGroup;
			children = (
				66A0C7CD253F2F6F0023ACC7 /* interviewProjectUITests.swift */,
				66A0C7CF253F2F6F0023ACC7 /* Info.plist */,
			);
			path = interviewProjectUITests;
			sourceTree = "<group>";
		};
		8FD98B392646DBEB1106493C /* Pods */ = {
			isa = PBXGroup;
			children = (
				26A316BACA81B2CA5CC1E7A3 /* Pods-interviewProject.debug.xcconfig */,
				30C8788E85980D35FBE15208 /* Pods-interviewProject.release.xcconfig */,
				FF5FBAA7FAF861E16F0C26F6 /* Pods-interviewProject-interviewProjectUITests.debug.xcconfig */,
				53CB586C114DCE59AABEA678 /* Pods-interviewProject-interviewProjectUITests.release.xcconfig */,
				7AB48E3510827F86A6B1B809 /* Pods-interviewProjectTests.debug.xcconfig */,
				4624C21ADB663920A2B7E4C8 /* Pods-interviewProjectTests.release.xcconfig */,
			);
			path = Pods;
			sourceTree = "<group>";
		};
/* End PBXGroup section */

/* Begin PBXNativeTarget section */
		66A0C7A4253F2F6C0023ACC7 /* interviewProject */ = {
			isa = PBXNativeTarget;
			buildConfigurationList = 66A0C7D2253F2F6F0023ACC7 /* Build configuration list for PBXNativeTarget "interviewProject" */;
			buildPhases = (
				CAAE18B52E59E54B6AC11396 /* [CP] Check Pods Manifest.lock */,
				66A0C7A1253F2F6C0023ACC7 /* Sources */,
				66A0C7A2253F2F6C0023ACC7 /* Frameworks */,
				66A0C7A3253F2F6C0023ACC7 /* Resources */,
				AE5277075BA7C663BE3CFB5D /* [CP] Embed Pods Frameworks */,
			);
			buildRules = (
			);
			dependencies = (
			);
			name = interviewProject;
			productName = interviewProject;
			productReference = 66A0C7A5253F2F6C0023ACC7 /* interviewProject.app */;
			productType = "com.apple.product-type.application";
		};
		66A0C7BD253F2F6F0023ACC7 /* interviewProjectTests */ = {
			isa = PBXNativeTarget;
			buildConfigurationList = 66A0C7D5253F2F6F0023ACC7 /* Build configuration list for PBXNativeTarget "interviewProjectTests" */;
			buildPhases = (
				D778BD9FE330D3E7DAB45866 /* [CP] Check Pods Manifest.lock */,
				66A0C7BA253F2F6F0023ACC7 /* Sources */,
				66A0C7BB253F2F6F0023ACC7 /* Frameworks */,
				66A0C7BC253F2F6F0023ACC7 /* Resources */,
			);
			buildRules = (
			);
			dependencies = (
				66A0C7C0253F2F6F0023ACC7 /* PBXTargetDependency */,
			);
			name = interviewProjectTests;
			productName = interviewProjectTests;
			productReference = 66A0C7BE253F2F6F0023ACC7 /* interviewProjectTests.xctest */;
			productType = "com.apple.product-type.bundle.unit-test";
		};
		66A0C7C8253F2F6F0023ACC7 /* interviewProjectUITests */ = {
			isa = PBXNativeTarget;
			buildConfigurationList = 66A0C7D8253F2F6F0023ACC7 /* Build configuration list for PBXNativeTarget "interviewProjectUITests" */;
			buildPhases = (
				A0B31D7B9610131C31EEFF77 /* [CP] Check Pods Manifest.lock */,
				66A0C7C5253F2F6F0023ACC7 /* Sources */,
				66A0C7C6253F2F6F0023ACC7 /* Frameworks */,
				66A0C7C7253F2F6F0023ACC7 /* Resources */,
				8FE8966611F818ED0952F13B /* [CP] Embed Pods Frameworks */,
			);
			buildRules = (
			);
			dependencies = (
				66A0C7CB253F2F6F0023ACC7 /* PBXTargetDependency */,
			);
			name = interviewProjectUITests;
			productName = interviewProjectUITests;
			productReference = 66A0C7C9253F2F6F0023ACC7 /* interviewProjectUITests.xctest */;
			productType = "com.apple.product-type.bundle.ui-testing";
		};
/* End PBXNativeTarget section */

/* Begin PBXProject section */
		66A0C79D253F2F6B0023ACC7 /* Project object */ = {
			isa = PBXProject;
			attributes = {
				LastSwiftUpdateCheck = 1200;
				LastUpgradeCheck = 1200;
				TargetAttributes = {
					66A0C7A4253F2F6C0023ACC7 = {
						CreatedOnToolsVersion = 12.0.1;
					};
					66A0C7BD253F2F6F0023ACC7 = {
						CreatedOnToolsVersion = 12.0.1;
						TestTargetID = 66A0C7A4253F2F6C0023ACC7;
					};
					66A0C7C8253F2F6F0023ACC7 = {
						CreatedOnToolsVersion = 12.0.1;
						TestTargetID = 66A0C7A4253F2F6C0023ACC7;
					};
				};
			};
			buildConfigurationList = 66A0C7A0253F2F6B0023ACC7 /* Build configuration list for PBXProject "interviewProject" */;
			compatibilityVersion = "Xcode 9.3";
			developmentRegion = en;
			hasScannedForEncodings = 0;
			knownRegions = (
				en,
				Base,
			);
			mainGroup = 66A0C79C253F2F6B0023ACC7;
			productRefGroup = 66A0C7A6253F2F6C0023ACC7 /* Products */;
			projectDirPath = "";
			projectRoot = "";
			targets = (
				66A0C7A4253F2F6C0023ACC7 /* interviewProject */,
				66A0C7BD253F2F6F0023ACC7 /* interviewProjectTests */,
				66A0C7C8253F2F6F0023ACC7 /* interviewProjectUITests */,
			);
		};
/* End PBXProject section */

/* Begin PBXResourcesBuildPhase section */
		66A0C7A3253F2F6C0023ACC7 /* Resources */ = {
			isa = PBXResourcesBuildPhase;
			buildActionMask = 2147483647;
			files = (
				66A0C7B8253F2F6F0023ACC7 /* LaunchScreen.storyboard in Resources */,
				66A0C7B5253F2F6F0023ACC7 /* Assets.xcassets in Resources */,
				66A0C7B0253F2F6C0023ACC7 /* Main.storyboard in Resources */,
			);
			runOnlyForDeploymentPostprocessing = 0;
		};
		66A0C7BC253F2F6F0023ACC7 /* Resources */ = {
			isa = PBXResourcesBuildPhase;
			buildActionMask = 2147483647;
			files = (
			);
			runOnlyForDeploymentPostprocessing = 0;
		};
		66A0C7C7253F2F6F0023ACC7 /* Resources */ = {
			isa = PBXResourcesBuildPhase;
			buildActionMask = 2147483647;
			files = (
			);
			runOnlyForDeploymentPostprocessing = 0;
		};
/* End PBXResourcesBuildPhase section */

/* Begin PBXShellScriptBuildPhase section */
		8FE8966611F818ED0952F13B /* [CP] Embed Pods Frameworks */ = {
			isa = PBXShellScriptBuildPhase;
			buildActionMask = 2147483647;
			files = (
			);
			inputFileListPaths = (
				"${PODS_ROOT}/Target Support Files/Pods-interviewProject-interviewProjectUITests/Pods-interviewProject-interviewProjectUITests-frameworks-${CONFIGURATION}-input-files.xcfilelist",
			);
			name = "[CP] Embed Pods Frameworks";
			outputFileListPaths = (
				"${PODS_ROOT}/Target Support Files/Pods-interviewProject-interviewProjectUITests/Pods-interviewProject-interviewProjectUITests-frameworks-${CONFIGURATION}-output-files.xcfilelist",
			);
			runOnlyForDeploymentPostprocessing = 0;
			shellPath = /bin/sh;
			shellScript = "\"${PODS_ROOT}/Target Support Files/Pods-interviewProject-interviewProjectUITests/Pods-interviewProject-interviewProjectUITests-frameworks.sh\"\n";
			showEnvVarsInLog = 0;
		};
		A0B31D7B9610131C31EEFF77 /* [CP] Check Pods Manifest.lock */ = {
			isa = PBXShellScriptBuildPhase;
			buildActionMask = 2147483647;
			files = (
			);
			inputFileListPaths = (
			);
			inputPaths = (
				"${PODS_PODFILE_DIR_PATH}/Podfile.lock",
				"${PODS_ROOT}/Manifest.lock",
			);
			name = "[CP] Check Pods Manifest.lock";
			outputFileListPaths = (
			);
			outputPaths = (
				"$(DERIVED_FILE_DIR)/Pods-interviewProject-interviewProjectUITests-checkManifestLockResult.txt",
			);
			runOnlyForDeploymentPostprocessing = 0;
			shellPath = /bin/sh;
			shellScript = "diff \"${PODS_PODFILE_DIR_PATH}/Podfile.lock\" \"${PODS_ROOT}/Manifest.lock\" > /dev/null\nif [ $? != 0 ] ; then\n    # print error to STDERR\n    echo \"error: The sandbox is not in sync with the Podfile.lock. Run 'pod install' or update your CocoaPods installation.\" >&2\n    exit 1\nfi\n# This output is used by Xcode 'outputs' to avoid re-running this script phase.\necho \"SUCCESS\" > \"${SCRIPT_OUTPUT_FILE_0}\"\n";
			showEnvVarsInLog = 0;
		};
		AE5277075BA7C663BE3CFB5D /* [CP] Embed Pods Frameworks */ = {
			isa = PBXShellScriptBuildPhase;
			buildActionMask = 2147483647;
			files = (
			);
			inputFileListPaths = (
				"${PODS_ROOT}/Target Support Files/Pods-interviewProject/Pods-interviewProject-frameworks-${CONFIGURATION}-input-files.xcfilelist",
			);
			name = "[CP] Embed Pods Frameworks";
			outputFileListPaths = (
				"${PODS_ROOT}/Target Support Files/Pods-interviewProject/Pods-interviewProject-frameworks-${CONFIGURATION}-output-files.xcfilelist",
			);
			runOnlyForDeploymentPostprocessing = 0;
			shellPath = /bin/sh;
			shellScript = "\"${PODS_ROOT}/Target Support Files/Pods-interviewProject/Pods-interviewProject-frameworks.sh\"\n";
			showEnvVarsInLog = 0;
		};
		CAAE18B52E59E54B6AC11396 /* [CP] Check Pods Manifest.lock */ = {
			isa = PBXShellScriptBuildPhase;
			buildActionMask = 2147483647;
			files = (
			);
			inputFileListPaths = (
			);
			inputPaths = (
				"${PODS_PODFILE_DIR_PATH}/Podfile.lock",
				"${PODS_ROOT}/Manifest.lock",
			);
			name = "[CP] Check Pods Manifest.lock";
			outputFileListPaths = (
			);
			outputPaths = (
				"$(DERIVED_FILE_DIR)/Pods-interviewProject-checkManifestLockResult.txt",
			);
			runOnlyForDeploymentPostprocessing = 0;
			shellPath = /bin/sh;
			shellScript = "diff \"${PODS_PODFILE_DIR_PATH}/Podfile.lock\" \"${PODS_ROOT}/Manifest.lock\" > /dev/null\nif [ $? != 0 ] ; then\n    # print error to STDERR\n    echo \"error: The sandbox is not in sync with the Podfile.lock. Run 'pod install' or update your CocoaPods installation.\" >&2\n    exit 1\nfi\n# This output is used by Xcode 'outputs' to avoid re-running this script phase.\necho \"SUCCESS\" > \"${SCRIPT_OUTPUT_FILE_0}\"\n";
			showEnvVarsInLog = 0;
		};
		D778BD9FE330D3E7DAB45866 /* [CP] Check Pods Manifest.lock */ = {
			isa = PBXShellScriptBuildPhase;
			buildActionMask = 2147483647;
			files = (
			);
			inputFileListPaths = (
			);
			inputPaths = (
				"${PODS_PODFILE_DIR_PATH}/Podfile.lock",
				"${PODS_ROOT}/Manifest.lock",
			);
			name = "[CP] Check Pods Manifest.lock";
			outputFileListPaths = (
			);
			outputPaths = (
				"$(DERIVED_FILE_DIR)/Pods-interviewProjectTests-checkManifestLockResult.txt",
			);
			runOnlyForDeploymentPostprocessing = 0;
			shellPath = /bin/sh;
			shellScript = "diff \"${PODS_PODFILE_DIR_PATH}/Podfile.lock\" \"${PODS_ROOT}/Manifest.lock\" > /dev/null\nif [ $? != 0 ] ; then\n    # print error to STDERR\n    echo \"error: The sandbox is not in sync with the Podfile.lock. Run 'pod install' or update your CocoaPods installation.\" >&2\n    exit 1\nfi\n# This output is used by Xcode 'outputs' to avoid re-running this script phase.\necho \"SUCCESS\" > \"${SCRIPT_OUTPUT_FILE_0}\"\n";
			showEnvVarsInLog = 0;
		};
/* End PBXShellScriptBuildPhase section */

/* Begin PBXSourcesBuildPhase section */
		66A0C7A1253F2F6C0023ACC7 /* Sources */ = {
			isa = PBXSourcesBuildPhase;
			buildActionMask = 2147483647;
			files = (
				66A0C7AD253F2F6C0023ACC7 /* ViewController.swift in Sources */,
				6667975225446EA9004AF0CE /* Image.swift in Sources */,
				6667975B254470B4004AF0CE /* NetworkHelper.swift in Sources */,
				66A0C7DF253F311F0023ACC7 /* tableViewCell.swift in Sources */,
				66A0C7B3253F2F6C0023ACC7 /* interviewProject.xcdatamodeld in Sources */,
				66A0C7A9253F2F6C0023ACC7 /* AppDelegate.swift in Sources */,
				66A0C7AB253F2F6C0023ACC7 /* SceneDelegate.swift in Sources */,
				6667974B25446560004AF0CE /* ImageCell.swift in Sources */,
				6652DDFC2543DD1F006AEA93 /* GalleryViewController.swift in Sources */,
				6667973425445F13004AF0CE /* PageCell.swift in Sources */,
			);
			runOnlyForDeploymentPostprocessing = 0;
		};
		66A0C7BA253F2F6F0023ACC7 /* Sources */ = {
			isa = PBXSourcesBuildPhase;
			buildActionMask = 2147483647;
			files = (
				66A0C7C3253F2F6F0023ACC7 /* interviewProjectTests.swift in Sources */,
			);
			runOnlyForDeploymentPostprocessing = 0;
		};
		66A0C7C5253F2F6F0023ACC7 /* Sources */ = {
			isa = PBXSourcesBuildPhase;
			buildActionMask = 2147483647;
			files = (
				66A0C7CE253F2F6F0023ACC7 /* interviewProjectUITests.swift in Sources */,
			);
			runOnlyForDeploymentPostprocessing = 0;
		};
/* End PBXSourcesBuildPhase section */

/* Begin PBXTargetDependency section */
		66A0C7C0253F2F6F0023ACC7 /* PBXTargetDependency */ = {
			isa = PBXTargetDependency;
			target = 66A0C7A4253F2F6C0023ACC7 /* interviewProject */;
			targetProxy = 66A0C7BF253F2F6F0023ACC7 /* PBXContainerItemProxy */;
		};
		66A0C7CB253F2F6F0023ACC7 /* PBXTargetDependency */ = {
			isa = PBXTargetDependency;
			target = 66A0C7A4253F2F6C0023ACC7 /* interviewProject */;
			targetProxy = 66A0C7CA253F2F6F0023ACC7 /* PBXContainerItemProxy */;
		};
/* End PBXTargetDependency section */

/* Begin PBXVariantGroup section */
		66A0C7AE253F2F6C0023ACC7 /* Main.storyboard */ = {
			isa = PBXVariantGroup;
			children = (
				66A0C7AF253F2F6C0023ACC7 /* Base */,
			);
			name = Main.storyboard;
			sourceTree = "<group>";
		};
		66A0C7B6253F2F6F0023ACC7 /* LaunchScreen.storyboard */ = {
			isa = PBXVariantGroup;
			children = (
				66A0C7B7253F2F6F0023ACC7 /* Base */,
			);
			name = LaunchScreen.storyboard;
			sourceTree = "<group>";
		};
/* End PBXVariantGroup section */

/* Begin XCBuildConfiguration section */
		66A0C7D0253F2F6F0023ACC7 /* Debug */ = {
			isa = XCBuildConfiguration;
			buildSettings = {
				ALWAYS_SEARCH_USER_PATHS = NO;
				CLANG_ANALYZER_NONNULL = YES;
				CLANG_ANALYZER_NUMBER_OBJECT_CONVERSION = YES_AGGRESSIVE;
				CLANG_CXX_LANGUAGE_STANDARD = "gnu++14";
				CLANG_CXX_LIBRARY = "libc++";
				CLANG_ENABLE_MODULES = YES;
				CLANG_ENABLE_OBJC_ARC = YES;
				CLANG_ENABLE_OBJC_WEAK = YES;
				CLANG_WARN_BLOCK_CAPTURE_AUTORELEASING = YES;
				CLANG_WARN_BOOL_CONVERSION = YES;
				CLANG_WARN_COMMA = YES;
				CLANG_WARN_CONSTANT_CONVERSION = YES;
				CLANG_WARN_DEPRECATED_OBJC_IMPLEMENTATIONS = YES;
				CLANG_WARN_DIRECT_OBJC_ISA_USAGE = YES_ERROR;
				CLANG_WARN_DOCUMENTATION_COMMENTS = YES;
				CLANG_WARN_EMPTY_BODY = YES;
				CLANG_WARN_ENUM_CONVERSION = YES;
				CLANG_WARN_INFINITE_RECURSION = YES;
				CLANG_WARN_INT_CONVERSION = YES;
				CLANG_WARN_NON_LITERAL_NULL_CONVERSION = YES;
				CLANG_WARN_OBJC_IMPLICIT_RETAIN_SELF = YES;
				CLANG_WARN_OBJC_LITERAL_CONVERSION = YES;
				CLANG_WARN_OBJC_ROOT_CLASS = YES_ERROR;
				CLANG_WARN_QUOTED_INCLUDE_IN_FRAMEWORK_HEADER = YES;
				CLANG_WARN_RANGE_LOOP_ANALYSIS = YES;
				CLANG_WARN_STRICT_PROTOTYPES = YES;
				CLANG_WARN_SUSPICIOUS_MOVE = YES;
				CLANG_WARN_UNGUARDED_AVAILABILITY = YES_AGGRESSIVE;
				CLANG_WARN_UNREACHABLE_CODE = YES;
				CLANG_WARN__DUPLICATE_METHOD_MATCH = YES;
				COPY_PHASE_STRIP = NO;
				DEBUG_INFORMATION_FORMAT = dwarf;
				ENABLE_STRICT_OBJC_MSGSEND = YES;
				ENABLE_TESTABILITY = YES;
				GCC_C_LANGUAGE_STANDARD = gnu11;
				GCC_DYNAMIC_NO_PIC = NO;
				GCC_NO_COMMON_BLOCKS = YES;
				GCC_OPTIMIZATION_LEVEL = 0;
				GCC_PREPROCESSOR_DEFINITIONS = (
					"DEBUG=1",
					"$(inherited)",
				);
				GCC_WARN_64_TO_32_BIT_CONVERSION = YES;
				GCC_WARN_ABOUT_RETURN_TYPE = YES_ERROR;
				GCC_WARN_UNDECLARED_SELECTOR = YES;
				GCC_WARN_UNINITIALIZED_AUTOS = YES_AGGRESSIVE;
				GCC_WARN_UNUSED_FUNCTION = YES;
				GCC_WARN_UNUSED_VARIABLE = YES;
				IPHONEOS_DEPLOYMENT_TARGET = 14.0;
				MTL_ENABLE_DEBUG_INFO = INCLUDE_SOURCE;
				MTL_FAST_MATH = YES;
				ONLY_ACTIVE_ARCH = YES;
				SDKROOT = iphoneos;
				SWIFT_ACTIVE_COMPILATION_CONDITIONS = DEBUG;
				SWIFT_OPTIMIZATION_LEVEL = "-Onone";
			};
			name = Debug;
		};
		66A0C7D1253F2F6F0023ACC7 /* Release */ = {
			isa = XCBuildConfiguration;
			buildSettings = {
				ALWAYS_SEARCH_USER_PATHS = NO;
				CLANG_ANALYZER_NONNULL = YES;
				CLANG_ANALYZER_NUMBER_OBJECT_CONVERSION = YES_AGGRESSIVE;
				CLANG_CXX_LANGUAGE_STANDARD = "gnu++14";
				CLANG_CXX_LIBRARY = "libc++";
				CLANG_ENABLE_MODULES = YES;
				CLANG_ENABLE_OBJC_ARC = YES;
				CLANG_ENABLE_OBJC_WEAK = YES;
				CLANG_WARN_BLOCK_CAPTURE_AUTORELEASING = YES;
				CLANG_WARN_BOOL_CONVERSION = YES;
				CLANG_WARN_COMMA = YES;
				CLANG_WARN_CONSTANT_CONVERSION = YES;
				CLANG_WARN_DEPRECATED_OBJC_IMPLEMENTATIONS = YES;
				CLANG_WARN_DIRECT_OBJC_ISA_USAGE = YES_ERROR;
				CLANG_WARN_DOCUMENTATION_COMMENTS = YES;
				CLANG_WARN_EMPTY_BODY = YES;
				CLANG_WARN_ENUM_CONVERSION = YES;
				CLANG_WARN_INFINITE_RECURSION = YES;
				CLANG_WARN_INT_CONVERSION = YES;
				CLANG_WARN_NON_LITERAL_NULL_CONVERSION = YES;
				CLANG_WARN_OBJC_IMPLICIT_RETAIN_SELF = YES;
				CLANG_WARN_OBJC_LITERAL_CONVERSION = YES;
				CLANG_WARN_OBJC_ROOT_CLASS = YES_ERROR;
				CLANG_WARN_QUOTED_INCLUDE_IN_FRAMEWORK_HEADER = YES;
				CLANG_WARN_RANGE_LOOP_ANALYSIS = YES;
				CLANG_WARN_STRICT_PROTOTYPES = YES;
				CLANG_WARN_SUSPICIOUS_MOVE = YES;
				CLANG_WARN_UNGUARDED_AVAILABILITY = YES_AGGRESSIVE;
				CLANG_WARN_UNREACHABLE_CODE = YES;
				CLANG_WARN__DUPLICATE_METHOD_MATCH = YES;
				COPY_PHASE_STRIP = NO;
				DEBUG_INFORMATION_FORMAT = "dwarf-with-dsym";
				ENABLE_NS_ASSERTIONS = NO;
				ENABLE_STRICT_OBJC_MSGSEND = YES;
				GCC_C_LANGUAGE_STANDARD = gnu11;
				GCC_NO_COMMON_BLOCKS = YES;
				GCC_WARN_64_TO_32_BIT_CONVERSION = YES;
				GCC_WARN_ABOUT_RETURN_TYPE = YES_ERROR;
				GCC_WARN_UNDECLARED_SELECTOR = YES;
				GCC_WARN_UNINITIALIZED_AUTOS = YES_AGGRESSIVE;
				GCC_WARN_UNUSED_FUNCTION = YES;
				GCC_WARN_UNUSED_VARIABLE = YES;
				IPHONEOS_DEPLOYMENT_TARGET = 14.0;
				MTL_ENABLE_DEBUG_INFO = NO;
				MTL_FAST_MATH = YES;
				SDKROOT = iphoneos;
				SWIFT_COMPILATION_MODE = wholemodule;
				SWIFT_OPTIMIZATION_LEVEL = "-O";
				VALIDATE_PRODUCT = YES;
			};
			name = Release;
		};
		66A0C7D3253F2F6F0023ACC7 /* Debug */ = {
			isa = XCBuildConfiguration;
			baseConfigurationReference = 26A316BACA81B2CA5CC1E7A3 /* Pods-interviewProject.debug.xcconfig */;
			buildSettings = {
				ASSETCATALOG_COMPILER_APPICON_NAME = AppIcon;
				ASSETCATALOG_COMPILER_GLOBAL_ACCENT_COLOR_NAME = AccentColor;
				CODE_SIGN_STYLE = Automatic;
				DEVELOPMENT_TEAM = 5BKE486BYA;
				INFOPLIST_FILE = interviewProject/Info.plist;
				LD_RUNPATH_SEARCH_PATHS = (
					"$(inherited)",
					"@executable_path/Frameworks",
				);
				PRODUCT_BUNDLE_IDENTIFIER = wlvoon.interviewProject;
				PRODUCT_NAME = "$(TARGET_NAME)";
				SWIFT_VERSION = 5.0;
				TARGETED_DEVICE_FAMILY = "1,2";
			};
			name = Debug;
		};
		66A0C7D4253F2F6F0023ACC7 /* Release */ = {
			isa = XCBuildConfiguration;
			baseConfigurationReference = 30C8788E85980D35FBE15208 /* Pods-interviewProject.release.xcconfig */;
			buildSettings = {
				ASSETCATALOG_COMPILER_APPICON_NAME = AppIcon;
				ASSETCATALOG_COMPILER_GLOBAL_ACCENT_COLOR_NAME = AccentColor;
				CODE_SIGN_STYLE = Automatic;
				DEVELOPMENT_TEAM = 5BKE486BYA;
				INFOPLIST_FILE = interviewProject/Info.plist;
				LD_RUNPATH_SEARCH_PATHS = (
					"$(inherited)",
					"@executable_path/Frameworks",
				);
				PRODUCT_BUNDLE_IDENTIFIER = wlvoon.interviewProject;
				PRODUCT_NAME = "$(TARGET_NAME)";
				SWIFT_VERSION = 5.0;
				TARGETED_DEVICE_FAMILY = "1,2";
			};
			name = Release;
		};
		66A0C7D6253F2F6F0023ACC7 /* Debug */ = {
			isa = XCBuildConfiguration;
			baseConfigurationReference = 7AB48E3510827F86A6B1B809 /* Pods-interviewProjectTests.debug.xcconfig */;
			buildSettings = {
				ALWAYS_EMBED_SWIFT_STANDARD_LIBRARIES = YES;
				BUNDLE_LOADER = "$(TEST_HOST)";
				CODE_SIGN_STYLE = Automatic;
				DEVELOPMENT_TEAM = 5BKE486BYA;
				INFOPLIST_FILE = interviewProjectTests/Info.plist;
				IPHONEOS_DEPLOYMENT_TARGET = 14.0;
				LD_RUNPATH_SEARCH_PATHS = (
					"$(inherited)",
					"@executable_path/Frameworks",
					"@loader_path/Frameworks",
				);
				PRODUCT_BUNDLE_IDENTIFIER = wlvoon.interviewProjectTests;
				PRODUCT_NAME = "$(TARGET_NAME)";
				SWIFT_VERSION = 5.0;
				TARGETED_DEVICE_FAMILY = "1,2";
				TEST_HOST = "$(BUILT_PRODUCTS_DIR)/interviewProject.app/interviewProject";
			};
			name = Debug;
		};
		66A0C7D7253F2F6F0023ACC7 /* Release */ = {
			isa = XCBuildConfiguration;
			baseConfigurationReference = 4624C21ADB663920A2B7E4C8 /* Pods-interviewProjectTests.release.xcconfig */;
			buildSettings = {
				ALWAYS_EMBED_SWIFT_STANDARD_LIBRARIES = YES;
				BUNDLE_LOADER = "$(TEST_HOST)";
				CODE_SIGN_STYLE = Automatic;
				DEVELOPMENT_TEAM = 5BKE486BYA;
				INFOPLIST_FILE = interviewProjectTests/Info.plist;
				IPHONEOS_DEPLOYMENT_TARGET = 14.0;
				LD_RUNPATH_SEARCH_PATHS = (
					"$(inherited)",
					"@executable_path/Frameworks",
					"@loader_path/Frameworks",
				);
				PRODUCT_BUNDLE_IDENTIFIER = wlvoon.interviewProjectTests;
				PRODUCT_NAME = "$(TARGET_NAME)";
				SWIFT_VERSION = 5.0;
				TARGETED_DEVICE_FAMILY = "1,2";
				TEST_HOST = "$(BUILT_PRODUCTS_DIR)/interviewProject.app/interviewProject";
			};
			name = Release;
		};
		66A0C7D9253F2F6F0023ACC7 /* Debug */ = {
			isa = XCBuildConfiguration;
			baseConfigurationReference = FF5FBAA7FAF861E16F0C26F6 /* Pods-interviewProject-interviewProjectUITests.debug.xcconfig */;
			buildSettings = {
				ALWAYS_EMBED_SWIFT_STANDARD_LIBRARIES = YES;
				CODE_SIGN_STYLE = Automatic;
				DEVELOPMENT_TEAM = 5BKE486BYA;
				INFOPLIST_FILE = interviewProjectUITests/Info.plist;
				LD_RUNPATH_SEARCH_PATHS = (
					"$(inherited)",
					"@executable_path/Frameworks",
					"@loader_path/Frameworks",
				);
				PRODUCT_BUNDLE_IDENTIFIER = wlvoon.interviewProjectUITests;
				PRODUCT_NAME = "$(TARGET_NAME)";
				SWIFT_VERSION = 5.0;
				TARGETED_DEVICE_FAMILY = "1,2";
				TEST_TARGET_NAME = interviewProject;
			};
			name = Debug;
		};
		66A0C7DA253F2F6F0023ACC7 /* Release */ = {
			isa = XCBuildConfiguration;
			baseConfigurationReference = 53CB586C114DCE59AABEA678 /* Pods-interviewProject-interviewProjectUITests.release.xcconfig */;
			buildSettings = {
				ALWAYS_EMBED_SWIFT_STANDARD_LIBRARIES = YES;
				CODE_SIGN_STYLE = Automatic;
				DEVELOPMENT_TEAM = 5BKE486BYA;
				INFOPLIST_FILE = interviewProjectUITests/Info.plist;
				LD_RUNPATH_SEARCH_PATHS = (
					"$(inherited)",
					"@executable_path/Frameworks",
					"@loader_path/Frameworks",
				);
				PRODUCT_BUNDLE_IDENTIFIER = wlvoon.interviewProjectUITests;
				PRODUCT_NAME = "$(TARGET_NAME)";
				SWIFT_VERSION = 5.0;
				TARGETED_DEVICE_FAMILY = "1,2";
				TEST_TARGET_NAME = interviewProject;
			};
			name = Release;
		};
/* End XCBuildConfiguration section */

/* Begin XCConfigurationList section */
		66A0C7A0253F2F6B0023ACC7 /* Build configuration list for PBXProject "interviewProject" */ = {
			isa = XCConfigurationList;
			buildConfigurations = (
				66A0C7D0253F2F6F0023ACC7 /* Debug */,
				66A0C7D1253F2F6F0023ACC7 /* Release */,
			);
			defaultConfigurationIsVisible = 0;
			defaultConfigurationName = Release;
		};
		66A0C7D2253F2F6F0023ACC7 /* Build configuration list for PBXNativeTarget "interviewProject" */ = {
			isa = XCConfigurationList;
			buildConfigurations = (
				66A0C7D3253F2F6F0023ACC7 /* Debug */,
				66A0C7D4253F2F6F0023ACC7 /* Release */,
			);
			defaultConfigurationIsVisible = 0;
			defaultConfigurationName = Release;
		};
		66A0C7D5253F2F6F0023ACC7 /* Build configuration list for PBXNativeTarget "interviewProjectTests" */ = {
			isa = XCConfigurationList;
			buildConfigurations = (
				66A0C7D6253F2F6F0023ACC7 /* Debug */,
				66A0C7D7253F2F6F0023ACC7 /* Release */,
			);
			defaultConfigurationIsVisible = 0;
			defaultConfigurationName = Release;
		};
		66A0C7D8253F2F6F0023ACC7 /* Build configuration list for PBXNativeTarget "interviewProjectUITests" */ = {
			isa = XCConfigurationList;
			buildConfigurations = (
				66A0C7D9253F2F6F0023ACC7 /* Debug */,
				66A0C7DA253F2F6F0023ACC7 /* Release */,
			);
			defaultConfigurationIsVisible = 0;
			defaultConfigurationName = Release;
		};
/* End XCConfigurationList section */

/* Begin XCVersionGroup section */
		66A0C7B1253F2F6C0023ACC7 /* interviewProject.xcdatamodeld */ = {
			isa = XCVersionGroup;
			children = (
				66A0C7B2253F2F6C0023ACC7 /* interviewProject.xcdatamodel */,
			);
			currentVersion = 66A0C7B2253F2F6C0023ACC7 /* interviewProject.xcdatamodel */;
			path = interviewProject.xcdatamodeld;
			sourceTree = "<group>";
			versionGroupType = wrapper.xcdatamodel;
		};
/* End XCVersionGroup section */
	};
	rootObject = 66A0C79D253F2F6B0023ACC7 /* Project object */;
}
